
Microsoft Visual Studio Solution File, Format Version 12.00
# Visual Studio Version 16
VisualStudioVersion = 16.0.30611.23
MinimumVisualStudioVersion = 10.0.40219.1
Project("{9A19103F-16F7-4668-BE54-9A1E7A4F7556}") = "adet-mid-assignment-garcia-brexter", "adet-mid-assignment-garcia-brexter\adet-mid-assignment-garcia-brexter.csproj", "{02916BC8-F24E-4D38-A9FC-DCE183BF4C11}"
EndProject
Global
	GlobalSection(SolutionConfigurationPlatforms) = preSolution
		Debug|Any CPU = Debug|Any CPU
		Release|Any CPU = Release|Any CPU
	EndGlobalSection
	GlobalSection(ProjectConfigurationPlatforms) = postSolution
		{02916BC8-F24E-4D38-A9FC-DCE183BF4C11}.Debug|Any CPU.ActiveCfg = Debug|Any CPU
		{02916BC8-F24E-4D38-A9FC-DCE183BF4C11}.Debug|Any CPU.Build.0 = Debug|Any CPU
		{02916BC8-F24E-4D38-A9FC-DCE183BF4C11}.Release|Any CPU.ActiveCfg = Release|Any CPU
		{02916BC8-F24E-4D38-A9FC-DCE183BF4C11}.Release|Any CPU.Build.0 = Release|Any CPU
	EndGlobalSection
	GlobalSection(SolutionProperties) = preSolution
		HideSolutionNode = FALSE
	EndGlobalSection
	GlobalSection(ExtensibilityGlobals) = postSolution
		SolutionGuid = {B6363B6D-1D78-48CF-934A-1C135D92E652}
	EndGlobalSection
EndGlobal
